
Microsoft Visual Studio Solution File, Format Version 12.00
# Visual Studio 15
VisualStudioVersion = 15.0.28307.572
MinimumVisualStudioVersion = 10.0.40219.1
Project("{9A19103F-16F7-4668-BE54-9A1E7A4F7556}") = "HelloWorldASPCore", "HelloWorldASPCore\HelloWorldASPCore.csproj", "{11E7754B-1C2E-4AF1-B749-BA5C28016126}"
EndProject
Project("{9A19103F-16F7-4668-BE54-9A1E7A4F7556}") = "HelloWorldASPCore.Client", "HelloWorldASPCore.Client\HelloWorldASPCore.Client.csproj", "{7364FD31-2914-4C7E-A112-915479582597}"
EndProject
Project("{FAE04EC0-301F-11D3-BF4B-00C04F79EFBC}") = "HelloWorldASPCore.Common", "HelloWorldASPCore.Common\HelloWorldASPCore.Common.csproj", "{E8F4F6C8-B9CD-484C-9015-D328400884F0}"
EndProject
Global
	GlobalSection(SolutionConfigurationPlatforms) = preSolution
		Debug|Any CPU = Debug|Any CPU
		Release|Any CPU = Release|Any CPU
	EndGlobalSection
	GlobalSection(ProjectConfigurationPlatforms) = postSolution
		{11E7754B-1C2E-4AF1-B749-BA5C28016126}.Debug|Any CPU.ActiveCfg = Debug|Any CPU
		{11E7754B-1C2E-4AF1-B749-BA5C28016126}.Debug|Any CPU.Build.0 = Debug|Any CPU
		{11E7754B-1C2E-4AF1-B749-BA5C28016126}.Release|Any CPU.ActiveCfg = Release|Any CPU
		{11E7754B-1C2E-4AF1-B749-BA5C28016126}.Release|Any CPU.Build.0 = Release|Any CPU
		{7364FD31-2914-4C7E-A112-915479582597}.Debug|Any CPU.ActiveCfg = Debug|Any CPU
		{7364FD31-2914-4C7E-A112-915479582597}.Debug|Any CPU.Build.0 = Debug|Any CPU
		{7364FD31-2914-4C7E-A112-915479582597}.Release|Any CPU.ActiveCfg = Release|Any CPU
		{7364FD31-2914-4C7E-A112-915479582597}.Release|Any CPU.Build.0 = Release|Any CPU
		{E8F4F6C8-B9CD-484C-9015-D328400884F0}.Debug|Any CPU.ActiveCfg = Debug|Any CPU
		{E8F4F6C8-B9CD-484C-9015-D328400884F0}.Debug|Any CPU.Build.0 = Debug|Any CPU
		{E8F4F6C8-B9CD-484C-9015-D328400884F0}.Release|Any CPU.ActiveCfg = Release|Any CPU
		{E8F4F6C8-B9CD-484C-9015-D328400884F0}.Release|Any CPU.Build.0 = Release|Any CPU
	EndGlobalSection
	GlobalSection(SolutionProperties) = preSolution
		HideSolutionNode = FALSE
	EndGlobalSection
	GlobalSection(ExtensibilityGlobals) = postSolution
		SolutionGuid = {6C905F6F-BDC3-4EEE-8FD1-7B6496D7FD65}
	EndGlobalSection
EndGlobal
